{
  "name": "harness-seed",
  "version": "0.2.45",
  "lockfileVersion": 3,
  "requires": true,
  "packages": {
    "": {
      "name": "harness-seed",
      "version": "0.2.45",
      "bin": {
        "harness-seed": "scripts/init.mjs"
      },
      "engines": {
        "node": ">=20.19.0"
      }
    }
  }
}
